
Microsoft Visual Studio Solution File, Format Version 12.00
# Visual Studio Version 17
VisualStudioVersion = 17.14.36623.8 d17.14
MinimumVisualStudioVersion = 10.0.40219.1
Project("{FAE04EC0-301F-11D3-BF4B-00C04F79EFBC}") = "Vionis", "Vionis\Vionis.csproj", "{CFF34155-B0FE-4F98-8A79-DBE8D398DEBB}"
EndProject
Global
	GlobalSection(SolutionConfigurationPlatforms) = preSolution
		Debug|Any CPU = Debug|Any CPU
		Release|Any CPU = Release|Any CPU
	EndGlobalSection
	GlobalSection(ProjectConfigurationPlatforms) = postSolution
		{CFF34155-B0FE-4F98-8A79-DBE8D398DEBB}.Debug|Any CPU.ActiveCfg = Debug|Any CPU
		{CFF34155-B0FE-4F98-8A79-DBE8D398DEBB}.Debug|Any CPU.Build.0 = Debug|Any CPU
		{CFF34155-B0FE-4F98-8A79-DBE8D398DEBB}.Release|Any CPU.ActiveCfg = Release|Any CPU
		{CFF34155-B0FE-4F98-8A79-DBE8D398DEBB}.Release|Any CPU.Build.0 = Release|Any CPU
	EndGlobalSection
	GlobalSection(SolutionProperties) = preSolution
		HideSolutionNode = FALSE
	EndGlobalSection
	GlobalSection(ExtensibilityGlobals) = postSolution
		SolutionGuid = {79E62D60-B6BA-4E0B-B057-4BF346436A07}
	EndGlobalSection
EndGlobal
